
Microsoft Visual Studio Solution File, Format Version 12.00
# Visual Studio Version 16
VisualStudioVersion = 16.0.28803.452
MinimumVisualStudioVersion = 10.0.40219.1
Project("{FAE04EC0-301F-11D3-BF4B-00C04F79EFBC}") = "DiscordBotTemplate", "DiscordBotTemplate\DiscordBotTemplate.csproj", "{FB30037F-314D-4C4A-AED1-EB096F9129FC}"
EndProject
Global
	GlobalSection(SolutionConfigurationPlatforms) = preSolution
		Debug|Any CPU = Debug|Any CPU
		Release|Any CPU = Release|Any CPU
	EndGlobalSection
	GlobalSection(ProjectConfigurationPlatforms) = postSolution
		{FB30037F-314D-4C4A-AED1-EB096F9129FC}.Debug|Any CPU.ActiveCfg = Debug|Any CPU
		{FB30037F-314D-4C4A-AED1-EB096F9129FC}.Debug|Any CPU.Build.0 = Debug|Any CPU
		{FB30037F-314D-4C4A-AED1-EB096F9129FC}.Release|Any CPU.ActiveCfg = Release|Any CPU
		{FB30037F-314D-4C4A-AED1-EB096F9129FC}.Release|Any CPU.Build.0 = Release|Any CPU
	EndGlobalSection
	GlobalSection(SolutionProperties) = preSolution
		HideSolutionNode = FALSE
	EndGlobalSection
	GlobalSection(ExtensibilityGlobals) = postSolution
		SolutionGuid = {5D829E16-E262-45FF-85B3-67D9DA837E8D}
	EndGlobalSection
EndGlobal
